
Microsoft Visual Studio Solution File, Format Version 12.00
# Visual Studio Version 17
VisualStudioVersion = 17.0.31903.59
MinimumVisualStudioVersion = 10.0.40219.1
Project("{2150E333-8FDC-42A3-9474-1A3956D46DE8}") = "src", "src", "{827E0CD3-B72D-47B6-A68D-7590B98EB39B}"
EndProject
Project("{FAE04EC0-301F-11D3-BF4B-00C04F79EFBC}") = "Modulio.Api", "src\Modulio.Api\Modulio.Api.csproj", "{30B6CA14-F6D8-4C54-9230-A3FAA47F729B}"
EndProject
Project("{FAE04EC0-301F-11D3-BF4B-00C04F79EFBC}") = "Modulio.Domain", "src\Modulio.Domain\Modulio.Domain.csproj", "{105C4FB9-3037-455A-9B54-57E05A9FE14F}"
EndProject
Project("{FAE04EC0-301F-11D3-BF4B-00C04F79EFBC}") = "Modulio.Application", "src\Modulio.Application\Modulio.Application.csproj", "{ED4592DC-80F5-4175-9782-C94EF82F07D1}"
EndProject
Project("{FAE04EC0-301F-11D3-BF4B-00C04F79EFBC}") = "Modulio.Infrastructure", "src\Modulio.Infrastructure\Modulio.Infrastructure.csproj", "{6610566D-976F-443E-9293-EB17DE5FAD84}"
EndProject
Project("{FAE04EC0-301F-11D3-BF4B-00C04F79EFBC}") = "Modulio.Persistence", "src\Modulio.Persistence\Modulio.Persistence.csproj", "{13BEBD23-A661-4C19-9D91-CD101BF3E565}"
EndProject
Project("{FAE04EC0-301F-11D3-BF4B-00C04F79EFBC}") = "Modulio.IdentityAccess", "src\Modulio.IdentityAccess\Modulio.IdentityAccess.csproj", "{EDBFE310-A171-40D9-ACC8-9D7BF3AD26A6}"
EndProject
Project("{2150E333-8FDC-42A3-9474-1A3956D46DE8}") = "tests", "tests", "{0AB3BF05-4346-4AA6-1389-037BE0695223}"
EndProject
Project("{FAE04EC0-301F-11D3-BF4B-00C04F79EFBC}") = "Modulio.ApiTests", "tests\Modulio.ApiTests\Modulio.ApiTests.csproj", "{BEDFB66B-51B2-42EA-97F0-4DD5F3578B3B}"
EndProject
Project("{FAE04EC0-301F-11D3-BF4B-00C04F79EFBC}") = "Modulio.ApplicationTests", "tests\Modulio.ApplicationTests\Modulio.ApplicationTests.csproj", "{C6D0E736-26DC-4065-85AC-3304E5A21584}"
EndProject
Project("{FAE04EC0-301F-11D3-BF4B-00C04F79EFBC}") = "Modulio.UnitTests", "tests\Modulio.UnitTests\Modulio.UnitTests.csproj", "{FD498817-746B-4C32-AEFE-8910455C9DFD}"
EndProject
Global
	GlobalSection(SolutionConfigurationPlatforms) = preSolution
		Debug|Any CPU = Debug|Any CPU
		Debug|x64 = Debug|x64
		Debug|x86 = Debug|x86
		Release|Any CPU = Release|Any CPU
		Release|x64 = Release|x64
		Release|x86 = Release|x86
	EndGlobalSection
	GlobalSection(ProjectConfigurationPlatforms) = postSolution
		{30B6CA14-F6D8-4C54-9230-A3FAA47F729B}.Debug|Any CPU.ActiveCfg = Debug|Any CPU
		{30B6CA14-F6D8-4C54-9230-A3FAA47F729B}.Debug|Any CPU.Build.0 = Debug|Any CPU
		{30B6CA14-F6D8-4C54-9230-A3FAA47F729B}.Debug|x64.ActiveCfg = Debug|Any CPU
		{30B6CA14-F6D8-4C54-9230-A3FAA47F729B}.Debug|x64.Build.0 = Debug|Any CPU
		{30B6CA14-F6D8-4C54-9230-A3FAA47F729B}.Debug|x86.ActiveCfg = Debug|Any CPU
		{30B6CA14-F6D8-4C54-9230-A3FAA47F729B}.Debug|x86.Build.0 = Debug|Any CPU
		{30B6CA14-F6D8-4C54-9230-A3FAA47F729B}.Release|Any CPU.ActiveCfg = Release|Any CPU
		{30B6CA14-F6D8-4C54-9230-A3FAA47F729B}.Release|Any CPU.Build.0 = Release|Any CPU
		{30B6CA14-F6D8-4C54-9230-A3FAA47F729B}.Release|x64.ActiveCfg = Release|Any CPU
		{30B6CA14-F6D8-4C54-9230-A3FAA47F729B}.Release|x64.Build.0 = Release|Any CPU
		{30B6CA14-F6D8-4C54-9230-A3FAA47F729B}.Release|x86.ActiveCfg = Release|Any CPU
		{30B6CA14-F6D8-4C54-9230-A3FAA47F729B}.Release|x86.Build.0 = Release|Any CPU
		{105C4FB9-3037-455A-9B54-57E05A9FE14F}.Debug|Any CPU.ActiveCfg = Debug|Any CPU
		{105C4FB9-3037-455A-9B54-57E05A9FE14F}.Debug|Any CPU.Build.0 = Debug|Any CPU
		{105C4FB9-3037-455A-9B54-57E05A9FE14F}.Debug|x64.ActiveCfg = Debug|Any CPU
		{105C4FB9-3037-455A-9B54-57E05A9FE14F}.Debug|x64.Build.0 = Debug|Any CPU
		{105C4FB9-3037-455A-9B54-57E05A9FE14F}.Debug|x86.ActiveCfg = Debug|Any CPU
		{105C4FB9-3037-455A-9B54-57E05A9FE14F}.Debug|x86.Build.0 = Debug|Any CPU
		{105C4FB9-3037-455A-9B54-57E05A9FE14F}.Release|Any CPU.ActiveCfg = Release|Any CPU
		{105C4FB9-3037-455A-9B54-57E05A9FE14F}.Release|Any CPU.Build.0 = Release|Any CPU
		{105C4FB9-3037-455A-9B54-57E05A9FE14F}.Release|x64.ActiveCfg = Release|Any CPU
		{105C4FB9-3037-455A-9B54-57E05A9FE14F}.Release|x64.Build.0 = Release|Any CPU
		{105C4FB9-3037-455A-9B54-57E05A9FE14F}.Release|x86.ActiveCfg = Release|Any CPU
		{105C4FB9-3037-455A-9B54-57E05A9FE14F}.Release|x86.Build.0 = Release|Any CPU
		{ED4592DC-80F5-4175-9782-C94EF82F07D1}.Debug|Any CPU.ActiveCfg = Debug|Any CPU
		{ED4592DC-80F5-4175-9782-C94EF82F07D1}.Debug|Any CPU.Build.0 = Debug|Any CPU
		{ED4592DC-80F5-4175-9782-C94EF82F07D1}.Debug|x64.ActiveCfg = Debug|Any CPU
		{ED4592DC-80F5-4175-9782-C94EF82F07D1}.Debug|x64.Build.0 = Debug|Any CPU
		{ED4592DC-80F5-4175-9782-C94EF82F07D1}.Debug|x86.ActiveCfg = Debug|Any CPU
		{ED4592DC-80F5-4175-9782-C94EF82F07D1}.Debug|x86.Build.0 = Debug|Any CPU
		{ED4592DC-80F5-4175-9782-C94EF82F07D1}.Release|Any CPU.ActiveCfg = Release|Any CPU
		{ED4592DC-80F5-4175-9782-C94EF82F07D1}.Release|Any CPU.Build.0 = Release|Any CPU
		{ED4592DC-80F5-4175-9782-C94EF82F07D1}.Release|x64.ActiveCfg = Release|Any CPU
		{ED4592DC-80F5-4175-9782-C94EF82F07D1}.Release|x64.Build.0 = Release|Any CPU
		{ED4592DC-80F5-4175-9782-C94EF82F07D1}.Release|x86.ActiveCfg = Release|Any CPU
		{ED4592DC-80F5-4175-9782-C94EF82F07D1}.Release|x86.Build.0 = Release|Any CPU
		{6610566D-976F-443E-9293-EB17DE5FAD84}.Debug|Any CPU.ActiveCfg = Debug|Any CPU
		{6610566D-976F-443E-9293-EB17DE5FAD84}.Debug|Any CPU.Build.0 = Debug|Any CPU
		{6610566D-976F-443E-9293-EB17DE5FAD84}.Debug|x64.ActiveCfg = Debug|Any CPU
		{6610566D-976F-443E-9293-EB17DE5FAD84}.Debug|x64.Build.0 = Debug|Any CPU
		{6610566D-976F-443E-9293-EB17DE5FAD84}.Debug|x86.ActiveCfg = Debug|Any CPU
		{6610566D-976F-443E-9293-EB17DE5FAD84}.Debug|x86.Build.0 = Debug|Any CPU
		{6610566D-976F-443E-9293-EB17DE5FAD84}.Release|Any CPU.ActiveCfg = Release|Any CPU
		{6610566D-976F-443E-9293-EB17DE5FAD84}.Release|Any CPU.Build.0 = Release|Any CPU
		{6610566D-976F-443E-9293-EB17DE5FAD84}.Release|x64.ActiveCfg = Release|Any CPU
		{6610566D-976F-443E-9293-EB17DE5FAD84}.Release|x64.Build.0 = Release|Any CPU
		{6610566D-976F-443E-9293-EB17DE5FAD84}.Release|x86.ActiveCfg = Release|Any CPU
		{6610566D-976F-443E-9293-EB17DE5FAD84}.Release|x86.Build.0 = Release|Any CPU
		{13BEBD23-A661-4C19-9D91-CD101BF3E565}.Debug|Any CPU.ActiveCfg = Debug|Any CPU
		{13BEBD23-A661-4C19-9D91-CD101BF3E565}.Debug|Any CPU.Build.0 = Debug|Any CPU
		{13BEBD23-A661-4C19-9D91-CD101BF3E565}.Debug|x64.ActiveCfg = Debug|Any CPU
		{13BEBD23-A661-4C19-9D91-CD101BF3E565}.Debug|x64.Build.0 = Debug|Any CPU
		{13BEBD23-A661-4C19-9D91-CD101BF3E565}.Debug|x86.ActiveCfg = Debug|Any CPU
		{13BEBD23-A661-4C19-9D91-CD101BF3E565}.Debug|x86.Build.0 = Debug|Any CPU
		{13BEBD23-A661-4C19-9D91-CD101BF3E565}.Release|Any CPU.ActiveCfg = Release|Any CPU
		{13BEBD23-A661-4C19-9D91-CD101BF3E565}.Release|Any CPU.Build.0 = Release|Any CPU
		{13BEBD23-A661-4C19-9D91-CD101BF3E565}.Release|x64.ActiveCfg = Release|Any CPU
		{13BEBD23-A661-4C19-9D91-CD101BF3E565}.Release|x64.Build.0 = Release|Any CPU
		{13BEBD23-A661-4C19-9D91-CD101BF3E565}.Release|x86.ActiveCfg = Release|Any CPU
		{13BEBD23-A661-4C19-9D91-CD101BF3E565}.Release|x86.Build.0 = Release|Any CPU
		{EDBFE310-A171-40D9-ACC8-9D7BF3AD26A6}.Debug|Any CPU.ActiveCfg = Debug|Any CPU
		{EDBFE310-A171-40D9-ACC8-9D7BF3AD26A6}.Debug|Any CPU.Build.0 = Debug|Any CPU
		{EDBFE310-A171-40D9-ACC8-9D7BF3AD26A6}.Debug|x64.ActiveCfg = Debug|Any CPU
		{EDBFE310-A171-40D9-ACC8-9D7BF3AD26A6}.Debug|x64.Build.0 = Debug|Any CPU
		{EDBFE310-A171-40D9-ACC8-9D7BF3AD26A6}.Debug|x86.ActiveCfg = Debug|Any CPU
		{EDBFE310-A171-40D9-ACC8-9D7BF3AD26A6}.Debug|x86.Build.0 = Debug|Any CPU
		{EDBFE310-A171-40D9-ACC8-9D7BF3AD26A6}.Release|Any CPU.ActiveCfg = Release|Any CPU
		{EDBFE310-A171-40D9-ACC8-9D7BF3AD26A6}.Release|Any CPU.Build.0 = Release|Any CPU
		{EDBFE310-A171-40D9-ACC8-9D7BF3AD26A6}.Release|x64.ActiveCfg = Release|Any CPU
		{EDBFE310-A171-40D9-ACC8-9D7BF3AD26A6}.Release|x64.Build.0 = Release|Any CPU
		{EDBFE310-A171-40D9-ACC8-9D7BF3AD26A6}.Release|x86.ActiveCfg = Release|Any CPU
		{EDBFE310-A171-40D9-ACC8-9D7BF3AD26A6}.Release|x86.Build.0 = Release|Any CPU
		{BEDFB66B-51B2-42EA-97F0-4DD5F3578B3B}.Debug|Any CPU.ActiveCfg = Debug|Any CPU
		{BEDFB66B-51B2-42EA-97F0-4DD5F3578B3B}.Debug|Any CPU.Build.0 = Debug|Any CPU
		{BEDFB66B-51B2-42EA-97F0-4DD5F3578B3B}.Debug|x64.ActiveCfg = Debug|Any CPU
		{BEDFB66B-51B2-42EA-97F0-4DD5F3578B3B}.Debug|x64.Build.0 = Debug|Any CPU
		{BEDFB66B-51B2-42EA-97F0-4DD5F3578B3B}.Debug|x86.ActiveCfg = Debug|Any CPU
		{BEDFB66B-51B2-42EA-97F0-4DD5F3578B3B}.Debug|x86.Build.0 = Debug|Any CPU
		{BEDFB66B-51B2-42EA-97F0-4DD5F3578B3B}.Release|Any CPU.ActiveCfg = Release|Any CPU
		{BEDFB66B-51B2-42EA-97F0-4DD5F3578B3B}.Release|Any CPU.Build.0 = Release|Any CPU
		{BEDFB66B-51B2-42EA-97F0-4DD5F3578B3B}.Release|x64.ActiveCfg = Release|Any CPU
		{BEDFB66B-51B2-42EA-97F0-4DD5F3578B3B}.Release|x64.Build.0 = Release|Any CPU
		{BEDFB66B-51B2-42EA-97F0-4DD5F3578B3B}.Release|x86.ActiveCfg = Release|Any CPU
		{BEDFB66B-51B2-42EA-97F0-4DD5F3578B3B}.Release|x86.Build.0 = Release|Any CPU
		{C6D0E736-26DC-4065-85AC-3304E5A21584}.Debug|Any CPU.ActiveCfg = Debug|Any CPU
		{C6D0E736-26DC-4065-85AC-3304E5A21584}.Debug|Any CPU.Build.0 = Debug|Any CPU
		{C6D0E736-26DC-4065-85AC-3304E5A21584}.Debug|x64.ActiveCfg = Debug|Any CPU
		{C6D0E736-26DC-4065-85AC-3304E5A21584}.Debug|x64.Build.0 = Debug|Any CPU
		{C6D0E736-26DC-4065-85AC-3304E5A21584}.Debug|x86.ActiveCfg = Debug|Any CPU
		{C6D0E736-26DC-4065-85AC-3304E5A21584}.Debug|x86.Build.0 = Debug|Any CPU
		{C6D0E736-26DC-4065-85AC-3304E5A21584}.Release|Any CPU.ActiveCfg = Release|Any CPU
		{C6D0E736-26DC-4065-85AC-3304E5A21584}.Release|Any CPU.Build.0 = Release|Any CPU
		{C6D0E736-26DC-4065-85AC-3304E5A21584}.Release|x64.ActiveCfg = Release|Any CPU
		{C6D0E736-26DC-4065-85AC-3304E5A21584}.Release|x64.Build.0 = Release|Any CPU
		{C6D0E736-26DC-4065-85AC-3304E5A21584}.Release|x86.ActiveCfg = Release|Any CPU
		{C6D0E736-26DC-4065-85AC-3304E5A21584}.Release|x86.Build.0 = Release|Any CPU
		{FD498817-746B-4C32-AEFE-8910455C9DFD}.Debug|Any CPU.ActiveCfg = Debug|Any CPU
		{FD498817-746B-4C32-AEFE-8910455C9DFD}.Debug|Any CPU.Build.0 = Debug|Any CPU
		{FD498817-746B-4C32-AEFE-8910455C9DFD}.Debug|x64.ActiveCfg = Debug|Any CPU
		{FD498817-746B-4C32-AEFE-8910455C9DFD}.Debug|x64.Build.0 = Debug|Any CPU
		{FD498817-746B-4C32-AEFE-8910455C9DFD}.Debug|x86.ActiveCfg = Debug|Any CPU
		{FD498817-746B-4C32-AEFE-8910455C9DFD}.Debug|x86.Build.0 = Debug|Any CPU
		{FD498817-746B-4C32-AEFE-8910455C9DFD}.Release|Any CPU.ActiveCfg = Release|Any CPU
		{FD498817-746B-4C32-AEFE-8910455C9DFD}.Release|Any CPU.Build.0 = Release|Any CPU
		{FD498817-746B-4C32-AEFE-8910455C9DFD}.Release|x64.ActiveCfg = Release|Any CPU
		{FD498817-746B-4C32-AEFE-8910455C9DFD}.Release|x64.Build.0 = Release|Any CPU
		{FD498817-746B-4C32-AEFE-8910455C9DFD}.Release|x86.ActiveCfg = Release|Any CPU
		{FD498817-746B-4C32-AEFE-8910455C9DFD}.Release|x86.Build.0 = Release|Any CPU
	EndGlobalSection
	GlobalSection(SolutionProperties) = preSolution
		HideSolutionNode = FALSE
	EndGlobalSection
	GlobalSection(NestedProjects) = preSolution
		{30B6CA14-F6D8-4C54-9230-A3FAA47F729B} = {827E0CD3-B72D-47B6-A68D-7590B98EB39B}
		{105C4FB9-3037-455A-9B54-57E05A9FE14F} = {827E0CD3-B72D-47B6-A68D-7590B98EB39B}
		{ED4592DC-80F5-4175-9782-C94EF82F07D1} = {827E0CD3-B72D-47B6-A68D-7590B98EB39B}
		{6610566D-976F-443E-9293-EB17DE5FAD84} = {827E0CD3-B72D-47B6-A68D-7590B98EB39B}
		{13BEBD23-A661-4C19-9D91-CD101BF3E565} = {827E0CD3-B72D-47B6-A68D-7590B98EB39B}
		{EDBFE310-A171-40D9-ACC8-9D7BF3AD26A6} = {827E0CD3-B72D-47B6-A68D-7590B98EB39B}
		{BEDFB66B-51B2-42EA-97F0-4DD5F3578B3B} = {0AB3BF05-4346-4AA6-1389-037BE0695223}
		{C6D0E736-26DC-4065-85AC-3304E5A21584} = {0AB3BF05-4346-4AA6-1389-037BE0695223}
		{FD498817-746B-4C32-AEFE-8910455C9DFD} = {0AB3BF05-4346-4AA6-1389-037BE0695223}
	EndGlobalSection
EndGlobal
